
Microsoft Visual Studio Solution File, Format Version 12.00
Project("{FAE04EC0-301F-11D3-BF4B-00C04F79EFBC}") = "PlayerRotater", "PlayerRotater\PlayerRotater.csproj", "{B7BE2B8F-722F-4798-A2A2-FEB4824363C4}"
EndProject
Global
	GlobalSection(SolutionConfigurationPlatforms) = preSolution
		Debug|Any CPU = Debug|Any CPU
		Release|Any CPU = Release|Any CPU
	EndGlobalSection
	GlobalSection(ProjectConfigurationPlatforms) = postSolution
		{B7BE2B8F-722F-4798-A2A2-FEB4824363C4}.Debug|Any CPU.ActiveCfg = Debug|Any CPU
		{B7BE2B8F-722F-4798-A2A2-FEB4824363C4}.Debug|Any CPU.Build.0 = Debug|Any CPU
		{B7BE2B8F-722F-4798-A2A2-FEB4824363C4}.Release|Any CPU.ActiveCfg = Release|Any CPU
		{B7BE2B8F-722F-4798-A2A2-FEB4824363C4}.Release|Any CPU.Build.0 = Release|Any CPU
	EndGlobalSection
EndGlobal
